
Microsoft Visual Studio Solution File, Format Version 12.00
# Visual Studio Version 16
VisualStudioVersion = 16.0.31321.278
MinimumVisualStudioVersion = 10.0.40219.1
Project("{FAE04EC0-301F-11D3-BF4B-00C04F79EFBC}") = "GenTree", "GenTree.csproj", "{5F97DC70-99E8-42A3-8550-27EF0536CE3B}"
EndProject
Global
	GlobalSection(SolutionConfigurationPlatforms) = preSolution
		Debug|Any CPU = Debug|Any CPU
		Release|Any CPU = Release|Any CPU
	EndGlobalSection
	GlobalSection(ProjectConfigurationPlatforms) = postSolution
		{5F97DC70-99E8-42A3-8550-27EF0536CE3B}.Debug|Any CPU.ActiveCfg = Debug|Any CPU
		{5F97DC70-99E8-42A3-8550-27EF0536CE3B}.Debug|Any CPU.Build.0 = Debug|Any CPU
		{5F97DC70-99E8-42A3-8550-27EF0536CE3B}.Release|Any CPU.ActiveCfg = Release|Any CPU
		{5F97DC70-99E8-42A3-8550-27EF0536CE3B}.Release|Any CPU.Build.0 = Release|Any CPU
	EndGlobalSection
	GlobalSection(SolutionProperties) = preSolution
		HideSolutionNode = FALSE
	EndGlobalSection
	GlobalSection(ExtensibilityGlobals) = postSolution
		SolutionGuid = {EC1617B2-82ED-4B0B-B8D5-BC2C4739261A}
	EndGlobalSection
EndGlobal
