
Microsoft Visual Studio Solution File, Format Version 12.00
# Visual Studio Version 16
VisualStudioVersion = 16.0.31321.278
MinimumVisualStudioVersion = 10.0.40219.1
Project("{9A19103F-16F7-4668-BE54-9A1E7A4F7556}") = "XmlConverter", "XmlConverter.csproj", "{643B21F3-07CA-44F3-B849-3332B54F99E0}"
EndProject
Global
	GlobalSection(SolutionConfigurationPlatforms) = preSolution
		Debug|Any CPU = Debug|Any CPU
		Release|Any CPU = Release|Any CPU
	EndGlobalSection
	GlobalSection(ProjectConfigurationPlatforms) = postSolution
		{643B21F3-07CA-44F3-B849-3332B54F99E0}.Debug|Any CPU.ActiveCfg = Debug|Any CPU
		{643B21F3-07CA-44F3-B849-3332B54F99E0}.Debug|Any CPU.Build.0 = Debug|Any CPU
		{643B21F3-07CA-44F3-B849-3332B54F99E0}.Release|Any CPU.ActiveCfg = Release|Any CPU
		{643B21F3-07CA-44F3-B849-3332B54F99E0}.Release|Any CPU.Build.0 = Release|Any CPU
	EndGlobalSection
	GlobalSection(SolutionProperties) = preSolution
		HideSolutionNode = FALSE
	EndGlobalSection
	GlobalSection(ExtensibilityGlobals) = postSolution
		SolutionGuid = {A2136AB3-FC56-4C6E-93DB-9C9ADA951971}
	EndGlobalSection
EndGlobal
